// !$*UTF8*$!
{
	archiveVersion = 1;
	classes = {
	};
	objectVersion = 50;
	objects = {

/* Begin PBXBuildFile section */
		EFD4EC712F8D3DC10006723B /* Player.swift in Sources */ = {isa = PBXBuildFile; fileRef = EFD4EC702F8D3DC10006723B /* Player.swift */; };
		EFD4EC762F8D3DE70006723B /* Sprite.swift in Sources */ = {isa = PBXBuildFile; fileRef = EFD4EC752F8D3DE70006723B /* Sprite.swift */; };
		EFD4EC7B2F8D3F400006723B /* ViewModelJumpex.swift in Sources */ = {isa = PBXBuildFile; fileRef = EFD4EC7A2F8D3F400006723B /* ViewModelJumpex.swift */; };
		EFD4EC7F2F8D49DA0006723B /* Obstacle.swift in Sources */ = {isa = PBXBuildFile; fileRef = EFD4EC7E2F8D49DA0006723B /* Obstacle.swift */; };
		EFF2B5E12F719A430001B88E /* JumpexApp.swift in Sources */ = {isa = PBXBuildFile; fileRef = EFF2B5E02F719A430001B88E /* JumpexApp.swift */; };
		EFF2B5E32F719A430001B88E /* ContentView.swift in Sources */ = {isa = PBXBuildFile; fileRef = EFF2B5E22F719A430001B88E /* ContentView.swift */; };
		EFF2B5E52F719A450001B88E /* Assets.xcassets in Resources */ = {isa = PBXBuildFile; fileRef = EFF2B5E42F719A450001B88E /* Assets.xcassets */; };
		EFF2B5E82F719A450001B88E /* Preview Assets.xcassets in Resources */ = {isa = PBXBuildFile; fileRef = EFF2B5E72F719A450001B88E /* Preview Assets.xcassets */; };
/* End PBXBuildFile section */

/* Begin PBXFileReference section */
		EFD4EC702F8D3DC10006723B /* Player.swift */ = {isa = PBXFileReference; lastKnownFileType = sourcecode.swift; path = Player.swift; sourceTree = "<group>"; };
		EFD4EC752F8D3DE70006723B /* Sprite.swift */ = {isa = PBXFileReference; lastKnownFileType = sourcecode.swift; path = Sprite.swift; sourceTree = "<group>"; };
		EFD4EC7A2F8D3F400006723B /* ViewModelJumpex.swift */ = {isa = PBXFileReference; lastKnownFileType = sourcecode.swift; path = ViewModelJumpex.swift; sourceTree = "<group>"; };
		EFD4EC7E2F8D49DA0006723B /* Obstacle.swift */ = {isa = PBXFileReference; lastKnownFileType = sourcecode.swift; path = Obstacle.swift; sourceTree = "<group>"; };
		EFF2B5DD2F719A430001B88E /* Jumpex.app */ = {isa = PBXFileReference; explicitFileType = wrapper.application; includeInIndex = 0; path = Jumpex.app; sourceTree = BUILT_PRODUCTS_DIR; };
		EFF2B5E02F719A430001B88E /* JumpexApp.swift */ = {isa = PBXFileReference; lastKnownFileType = sourcecode.swift; path = JumpexApp.swift; sourceTree = "<group>"; };
		EFF2B5E22F719A430001B88E /* ContentView.swift */ = {isa = PBXFileReference; lastKnownFileType = sourcecode.swift; path = ContentView.swift; sourceTree = "<group>"; };
		EFF2B5E42F719A450001B88E /* Assets.xcassets */ = {isa = PBXFileReference; lastKnownFileType = folder.assetcatalog; path = Assets.xcassets; sourceTree = "<group>"; };
		EFF2B5E72F719A450001B88E /* Preview Assets.xcassets */ = {isa = PBXFileReference; lastKnownFileType = folder.assetcatalog; path = "Preview Assets.xcassets"; sourceTree = "<group>"; };
		EFF2B5E92F719A450001B88E /* Info.plist */ = {isa = PBXFileReference; lastKnownFileType = text.plist.xml; path = Info.plist; sourceTree = "<group>"; };
/* End PBXFileReference section */

/* Begin PBXFrameworksBuildPhase section */
		EFF2B5DA2F719A430001B88E /* Frameworks */ = {
			isa = PBXFrameworksBuildPhase;
			buildActionMask = 2147483647;
			files = (
			);
			runOnlyForDeploymentPostprocessing = 0;
		};
/* End PBXFrameworksBuildPhase section */

/* Begin PBXGroup section */
		EFD4EC6D2F8D3BA80006723B /* ViewModel */ = {
			isa = PBXGroup;
			children = (
				EFD4EC7A2F8D3F400006723B /* ViewModelJumpex.swift */,
			);
			path = ViewModel;
			sourceTree = "<group>";
		};
		EFD4EC6E2F8D3BB50006723B /* Model */ = {
			isa = PBXGroup;
			children = (
				EFD4EC702F8D3DC10006723B /* Player.swift */,
				EFD4EC752F8D3DE70006723B /* Sprite.swift */,
				EFD4EC7E2F8D49DA0006723B /* Obstacle.swift */,
			);
			path = Model;
			sourceTree = "<group>";
		};
		EFD4EC6F2F8D3BBE0006723B /* View */ = {
			isa = PBXGroup;
			children = (
				EFF2B5E22F719A430001B88E /* ContentView.swift */,
			);
			path = View;
			sourceTree = "<group>";
		};
		EFF2B5D42F719A430001B88E = {
			isa = PBXGroup;
			children = (
				EFF2B5DF2F719A430001B88E /* Jumpex */,
				EFF2B5DE2F719A430001B88E /* Products */,
			);
			sourceTree = "<group>";
		};
		EFF2B5DE2F719A430001B88E /* Products */ = {
			isa = PBXGroup;
			children = (
				EFF2B5DD2F719A430001B88E /* Jumpex.app */,
			);
			name = Products;
			sourceTree = "<group>";
		};
		EFF2B5DF2F719A430001B88E /* Jumpex */ = {
			isa = PBXGroup;
			children = (
				EFD4EC6F2F8D3BBE0006723B /* View */,
				EFD4EC6E2F8D3BB50006723B /* Model */,
				EFD4EC6D2F8D3BA80006723B /* ViewModel */,
				EFF2B5E02F719A430001B88E /* JumpexApp.swift */,
				EFF2B5E42F719A450001B88E /* Assets.xcassets */,
				EFF2B5E92F719A450001B88E /* Info.plist */,
				EFF2B5E62F719A450001B88E /* Preview Content */,
			);
			path = Jumpex;
			sourceTree = "<group>";
		};
		EFF2B5E62F719A450001B88E /* Preview Content */ = {
			isa = PBXGroup;
			children = (
				EFF2B5E72F719A450001B88E /* Preview Assets.xcassets */,
			);
			path = "Preview Content";
			sourceTree = "<group>";
		};
/* End PBXGroup section */

/* Begin PBXNativeTarget section */
		EFF2B5DC2F719A430001B88E /* Jumpex */ = {
			isa = PBXNativeTarget;
			buildConfigurationList = EFF2B5EC2F719A450001B88E /* Build configuration list for PBXNativeTarget "Jumpex" */;
			buildPhases = (
				EFF2B5D92F719A430001B88E /* Sources */,
				EFF2B5DA2F719A430001B88E /* Frameworks */,
				EFF2B5DB2F719A430001B88E /* Resources */,
			);
			buildRules = (
			);
			dependencies = (
			);
			name = Jumpex;
			productName = Jumpex;
			productReference = EFF2B5DD2F719A430001B88E /* Jumpex.app */;
			productType = "com.apple.product-type.application";
		};
/* End PBXNativeTarget section */

/* Begin PBXProject section */
		EFF2B5D52F719A430001B88E /* Project object */ = {
			isa = PBXProject;
			attributes = {
				LastSwiftUpdateCheck = 1240;
				LastUpgradeCheck = 1240;
				TargetAttributes = {
					EFF2B5DC2F719A430001B88E = {
						CreatedOnToolsVersion = 12.4;
					};
				};
			};
			buildConfigurationList = EFF2B5D82F719A430001B88E /* Build configuration list for PBXProject "Jumpex" */;
			compatibilityVersion = "Xcode 9.3";
			developmentRegion = en;
			hasScannedForEncodings = 0;
			knownRegions = (
				en,
				Base,
			);
			mainGroup = EFF2B5D42F719A430001B88E;
			productRefGroup = EFF2B5DE2F719A430001B88E /* Products */;
			projectDirPath = "";
			projectRoot = "";
			targets = (
				EFF2B5DC2F719A430001B88E /* Jumpex */,
			);
		};
/* End PBXProject section */

/* Begin PBXResourcesBuildPhase section */
		EFF2B5DB2F719A430001B88E /* Resources */ = {
			isa = PBXResourcesBuildPhase;
			buildActionMask = 2147483647;
			files = (
				EFF2B5E82F719A450001B88E /* Preview Assets.xcassets in Resources */,
				EFF2B5E52F719A450001B88E /* Assets.xcassets in Resources */,
			);
			runOnlyForDeploymentPostprocessing = 0;
		};
/* End PBXResourcesBuildPhase section */

/* Begin PBXSourcesBuildPhase section */
		EFF2B5D92F719A430001B88E /* Sources */ = {
			isa = PBXSourcesBuildPhase;
			buildActionMask = 2147483647;
			files = (
				EFF2B5E32F719A430001B88E /* ContentView.swift in Sources */,
				EFD4EC712F8D3DC10006723B /* Player.swift in Sources */,
				EFD4EC7F2F8D49DA0006723B /* Obstacle.swift in Sources */,
				EFD4EC7B2F8D3F400006723B /* ViewModelJumpex.swift in Sources */,
				EFD4EC762F8D3DE70006723B /* Sprite.swift in Sources */,
				EFF2B5E12F719A430001B88E /* JumpexApp.swift in Sources */,
			);
			runOnlyForDeploymentPostprocessing = 0;
		};
/* End PBXSourcesBuildPhase section */

/* Begin XCBuildConfiguration section */
		EFF2B5EA2F719A450001B88E /* Debug */ = {
			isa = XCBuildConfiguration;
			buildSettings = {
				ALWAYS_SEARCH_USER_PATHS = NO;
				CLANG_ANALYZER_NONNULL = YES;
				CLANG_ANALYZER_NUMBER_OBJECT_CONVERSION = YES_AGGRESSIVE;
				CLANG_CXX_LANGUAGE_STANDARD = "gnu++14";
				CLANG_CXX_LIBRARY = "libc++";
				CLANG_ENABLE_MODULES = YES;
				CLANG_ENABLE_OBJC_ARC = YES;
				CLANG_ENABLE_OBJC_WEAK = YES;
				CLANG_WARN_BLOCK_CAPTURE_AUTORELEASING = YES;
				CLANG_WARN_BOOL_CONVERSION = YES;
				CLANG_WARN_COMMA = YES;
				CLANG_WARN_CONSTANT_CONVERSION = YES;
				CLANG_WARN_DEPRECATED_OBJC_IMPLEMENTATIONS = YES;
				CLANG_WARN_DIRECT_OBJC_ISA_USAGE = YES_ERROR;
				CLANG_WARN_DOCUMENTATION_COMMENTS = YES;
				CLANG_WARN_EMPTY_BODY = YES;
				CLANG_WARN_ENUM_CONVERSION = YES;
				CLANG_WARN_INFINITE_RECURSION = YES;
				CLANG_WARN_INT_CONVERSION = YES;
				CLANG_WARN_NON_LITERAL_NULL_CONVERSION = YES;
				CLANG_WARN_OBJC_IMPLICIT_RETAIN_SELF = YES;
				CLANG_WARN_OBJC_LITERAL_CONVERSION = YES;
				CLANG_WARN_OBJC_ROOT_CLASS = YES_ERROR;
				CLANG_WARN_QUOTED_INCLUDE_IN_FRAMEWORK_HEADER = YES;
				CLANG_WARN_RANGE_LOOP_ANALYSIS = YES;
				CLANG_WARN_STRICT_PROTOTYPES = YES;
				CLANG_WARN_SUSPICIOUS_MOVE = YES;
				CLANG_WARN_UNGUARDED_AVAILABILITY = YES_AGGRESSIVE;
				CLANG_WARN_UNREACHABLE_CODE = YES;
				CLANG_WARN__DUPLICATE_METHOD_MATCH = YES;
				COPY_PHASE_STRIP = NO;
				DEBUG_INFORMATION_FORMAT = dwarf;
				ENABLE_STRICT_OBJC_MSGSEND = YES;
				ENABLE_TESTABILITY = YES;
				GCC_C_LANGUAGE_STANDARD = gnu11;
				GCC_DYNAMIC_NO_PIC = NO;
				GCC_NO_COMMON_BLOCKS = YES;
				GCC_OPTIMIZATION_LEVEL = 0;
				GCC_PREPROCESSOR_DEFINITIONS = (
					"DEBUG=1",
					"$(inherited)",
				);
				GCC_WARN_64_TO_32_BIT_CONVERSION = YES;
				GCC_WARN_ABOUT_RETURN_TYPE = YES_ERROR;
				GCC_WARN_UNDECLARED_SELECTOR = YES;
				GCC_WARN_UNINITIALIZED_AUTOS = YES_AGGRESSIVE;
				GCC_WARN_UNUSED_FUNCTION = YES;
				GCC_WARN_UNUSED_VARIABLE = YES;
				IPHONEOS_DEPLOYMENT_TARGET = 14.4;
				MTL_ENABLE_DEBUG_INFO = INCLUDE_SOURCE;
				MTL_FAST_MATH = YES;
				ONLY_ACTIVE_ARCH = YES;
				SDKROOT = iphoneos;
				SWIFT_ACTIVE_COMPILATION_CONDITIONS = DEBUG;
				SWIFT_OPTIMIZATION_LEVEL = "-Onone";
			};
			name = Debug;
		};
		EFF2B5EB2F719A450001B88E /* Release */ = {
			isa = XCBuildConfiguration;
			buildSettings = {
				ALWAYS_SEARCH_USER_PATHS = NO;
				CLANG_ANALYZER_NONNULL = YES;
				CLANG_ANALYZER_NUMBER_OBJECT_CONVERSION = YES_AGGRESSIVE;
				CLANG_CXX_LANGUAGE_STANDARD = "gnu++14";
				CLANG_CXX_LIBRARY = "libc++";
				CLANG_ENABLE_MODULES = YES;
				CLANG_ENABLE_OBJC_ARC = YES;
				CLANG_ENABLE_OBJC_WEAK = YES;
				CLANG_WARN_BLOCK_CAPTURE_AUTORELEASING = YES;
				CLANG_WARN_BOOL_CONVERSION = YES;
				CLANG_WARN_COMMA = YES;
				CLANG_WARN_CONSTANT_CONVERSION = YES;
				CLANG_WARN_DEPRECATED_OBJC_IMPLEMENTATIONS = YES;
				CLANG_WARN_DIRECT_OBJC_ISA_USAGE = YES_ERROR;
				CLANG_WARN_DOCUMENTATION_COMMENTS = YES;
				CLANG_WARN_EMPTY_BODY = YES;
				CLANG_WARN_ENUM_CONVERSION = YES;
				CLANG_WARN_INFINITE_RECURSION = YES;
				CLANG_WARN_INT_CONVERSION = YES;
				CLANG_WARN_NON_LITERAL_NULL_CONVERSION = YES;
				CLANG_WARN_OBJC_IMPLICIT_RETAIN_SELF = YES;
				CLANG_WARN_OBJC_LITERAL_CONVERSION = YES;
				CLANG_WARN_OBJC_ROOT_CLASS = YES_ERROR;
				CLANG_WARN_QUOTED_INCLUDE_IN_FRAMEWORK_HEADER = YES;
				CLANG_WARN_RANGE_LOOP_ANALYSIS = YES;
				CLANG_WARN_STRICT_PROTOTYPES = YES;
				CLANG_WARN_SUSPICIOUS_MOVE = YES;
				CLANG_WARN_UNGUARDED_AVAILABILITY = YES_AGGRESSIVE;
				CLANG_WARN_UNREACHABLE_CODE = YES;
				CLANG_WARN__DUPLICATE_METHOD_MATCH = YES;
				COPY_PHASE_STRIP = NO;
				DEBUG_INFORMATION_FORMAT = "dwarf-with-dsym";
				ENABLE_NS_ASSERTIONS = NO;
				ENABLE_STRICT_OBJC_MSGSEND = YES;
				GCC_C_LANGUAGE_STANDARD = gnu11;
				GCC_NO_COMMON_BLOCKS = YES;
				GCC_WARN_64_TO_32_BIT_CONVERSION = YES;
				GCC_WARN_ABOUT_RETURN_TYPE = YES_ERROR;
				GCC_WARN_UNDECLARED_SELECTOR = YES;
				GCC_WARN_UNINITIALIZED_AUTOS = YES_AGGRESSIVE;
				GCC_WARN_UNUSED_FUNCTION = YES;
				GCC_WARN_UNUSED_VARIABLE = YES;
				IPHONEOS_DEPLOYMENT_TARGET = 14.4;
				MTL_ENABLE_DEBUG_INFO = NO;
				MTL_FAST_MATH = YES;
				SDKROOT = iphoneos;
				SWIFT_COMPILATION_MODE = wholemodule;
				SWIFT_OPTIMIZATION_LEVEL = "-O";
				VALIDATE_PRODUCT = YES;
			};
			name = Release;
		};
		EFF2B5ED2F719A450001B88E /* Debug */ = {
			isa = XCBuildConfiguration;
			buildSettings = {
				ASSETCATALOG_COMPILER_APPICON_NAME = AppIcon;
				ASSETCATALOG_COMPILER_GLOBAL_ACCENT_COLOR_NAME = AccentColor;
				CODE_SIGN_STYLE = Automatic;
				DEVELOPMENT_ASSET_PATHS = "\"Jumpex/Preview Content\"";
				ENABLE_PREVIEWS = YES;
				INFOPLIST_FILE = Jumpex/Info.plist;
				IPHONEOS_DEPLOYMENT_TARGET = 14.0;
				LD_RUNPATH_SEARCH_PATHS = (
					"$(inherited)",
					"@executable_path/Frameworks",
				);
				PRODUCT_BUNDLE_IDENTIFIER = lasalle.Jumpex;
				PRODUCT_NAME = "$(TARGET_NAME)";
				SWIFT_VERSION = 5.0;
				TARGETED_DEVICE_FAMILY = "1,2";
			};
			name = Debug;
		};
		EFF2B5EE2F719A450001B88E /* Release */ = {
			isa = XCBuildConfiguration;
			buildSettings = {
				ASSETCATALOG_COMPILER_APPICON_NAME = AppIcon;
				ASSETCATALOG_COMPILER_GLOBAL_ACCENT_COLOR_NAME = AccentColor;
				CODE_SIGN_STYLE = Automatic;
				DEVELOPMENT_ASSET_PATHS = "\"Jumpex/Preview Content\"";
				ENABLE_PREVIEWS = YES;
				INFOPLIST_FILE = Jumpex/Info.plist;
				IPHONEOS_DEPLOYMENT_TARGET = 14.0;
				LD_RUNPATH_SEARCH_PATHS = (
					"$(inherited)",
					"@executable_path/Frameworks",
				);
				PRODUCT_BUNDLE_IDENTIFIER = lasalle.Jumpex;
				PRODUCT_NAME = "$(TARGET_NAME)";
				SWIFT_VERSION = 5.0;
				TARGETED_DEVICE_FAMILY = "1,2";
			};
			name = Release;
		};
/* End XCBuildConfiguration section */

/* Begin XCConfigurationList section */
		EFF2B5D82F719A430001B88E /* Build configuration list for PBXProject "Jumpex" */ = {
			isa = XCConfigurationList;
			buildConfigurations = (
				EFF2B5EA2F719A450001B88E /* Debug */,
				EFF2B5EB2F719A450001B88E /* Release */,
			);
			defaultConfigurationIsVisible = 0;
			defaultConfigurationName = Release;
		};
		EFF2B5EC2F719A450001B88E /* Build configuration list for PBXNativeTarget "Jumpex" */ = {
			isa = XCConfigurationList;
			buildConfigurations = (
				EFF2B5ED2F719A450001B88E /* Debug */,
				EFF2B5EE2F719A450001B88E /* Release */,
			);
			defaultConfigurationIsVisible = 0;
			defaultConfigurationName = Release;
		};
/* End XCConfigurationList section */
	};
	rootObject = EFF2B5D52F719A430001B88E /* Project object */;
}
